// !$*UTF8*$!
{
	archiveVersion = 1;
	classes = {
	};
	objectVersion = 55;
	objects = {

/* Begin PBXBuildFile section */
		DA343B0828870E620022551A /* AddToDoViewController.swift in Sources */ = {isa = PBXBuildFile; fileRef = DA343B0728870E620022551A /* AddToDoViewController.swift */; };
		DA8ABBA328862762004BCE7D /* AppDelegate.swift in Sources */ = {isa = PBXBuildFile; fileRef = DA8ABBA228862762004BCE7D /* AppDelegate.swift */; };
		DA8ABBA528862762004BCE7D /* SceneDelegate.swift in Sources */ = {isa = PBXBuildFile; fileRef = DA8ABBA428862762004BCE7D /* SceneDelegate.swift */; };
		DA8ABBAA28862762004BCE7D /* Main.storyboard in Resources */ = {isa = PBXBuildFile; fileRef = DA8ABBA828862762004BCE7D /* Main.storyboard */; };
		DA8ABBAD28862762004BCE7D /* todolist.xcdatamodeld in Sources */ = {isa = PBXBuildFile; fileRef = DA8ABBAB28862762004BCE7D /* todolist.xcdatamodeld */; };
		DA8ABBAF28862767004BCE7D /* Assets.xcassets in Resources */ = {isa = PBXBuildFile; fileRef = DA8ABBAE28862767004BCE7D /* Assets.xcassets */; };
		DA8ABBB228862767004BCE7D /* LaunchScreen.storyboard in Resources */ = {isa = PBXBuildFile; fileRef = DA8ABBB028862767004BCE7D /* LaunchScreen.storyboard */; };
		DA8ABBBD28862768004BCE7D /* todolistTests.swift in Sources */ = {isa = PBXBuildFile; fileRef = DA8ABBBC28862768004BCE7D /* todolistTests.swift */; };
		DA8ABBC728862768004BCE7D /* todolistUITests.swift in Sources */ = {isa = PBXBuildFile; fileRef = DA8ABBC628862768004BCE7D /* todolistUITests.swift */; };
		DA8ABBC928862768004BCE7D /* todolistUITestsLaunchTests.swift in Sources */ = {isa = PBXBuildFile; fileRef = DA8ABBC828862768004BCE7D /* todolistUITestsLaunchTests.swift */; };
		DAF85B4C28864BF7009C0414 /* ToDoListTableViewController.swift in Sources */ = {isa = PBXBuildFile; fileRef = DAF85B4B28864BF7009C0414 /* ToDoListTableViewController.swift */; };
		DAF85B4E28864C3F009C0414 /* ToDo.swift in Sources */ = {isa = PBXBuildFile; fileRef = DAF85B4D28864C3F009C0414 /* ToDo.swift */; };
/* End PBXBuildFile section */

/* Begin PBXContainerItemProxy section */
		DA8ABBB928862768004BCE7D /* PBXContainerItemProxy */ = {
			isa = PBXContainerItemProxy;
			containerPortal = DA8ABB9728862761004BCE7D /* Project object */;
			proxyType = 1;
			remoteGlobalIDString = DA8ABB9E28862762004BCE7D;
			remoteInfo = todolist;
		};
		DA8ABBC328862768004BCE7D /* PBXContainerItemProxy */ = {
			isa = PBXContainerItemProxy;
			containerPortal = DA8ABB9728862761004BCE7D /* Project object */;
			proxyType = 1;
			remoteGlobalIDString = DA8ABB9E28862762004BCE7D;
			remoteInfo = todolist;
		};
/* End PBXContainerItemProxy section */

/* Begin PBXFileReference section */
		DA343B0728870E620022551A /* AddToDoViewController.swift */ = {isa = PBXFileReference; lastKnownFileType = sourcecode.swift; path = AddToDoViewController.swift; sourceTree = "<group>"; };
		DA8ABB9F28862762004BCE7D /* todolist.app */ = {isa = PBXFileReference; explicitFileType = wrapper.application; includeInIndex = 0; path = todolist.app; sourceTree = BUILT_PRODUCTS_DIR; };
		DA8ABBA228862762004BCE7D /* AppDelegate.swift */ = {isa = PBXFileReference; lastKnownFileType = sourcecode.swift; path = AppDelegate.swift; sourceTree = "<group>"; };
		DA8ABBA428862762004BCE7D /* SceneDelegate.swift */ = {isa = PBXFileReference; lastKnownFileType = sourcecode.swift; path = SceneDelegate.swift; sourceTree = "<group>"; };
		DA8ABBA928862762004BCE7D /* Base */ = {isa = PBXFileReference; lastKnownFileType = file.storyboard; name = Base; path = Base.lproj/Main.storyboard; sourceTree = "<group>"; };
		DA8ABBAC28862762004BCE7D /* todolist.xcdatamodel */ = {isa = PBXFileReference; lastKnownFileType = wrapper.xcdatamodel; path = todolist.xcdatamodel; sourceTree = "<group>"; };
		DA8ABBAE28862767004BCE7D /* Assets.xcassets */ = {isa = PBXFileReference; lastKnownFileType = folder.assetcatalog; path = Assets.xcassets; sourceTree = "<group>"; };
		DA8ABBB128862767004BCE7D /* Base */ = {isa = PBXFileReference; lastKnownFileType = file.storyboard; name = Base; path = Base.lproj/LaunchScreen.storyboard; sourceTree = "<group>"; };
		DA8ABBB328862767004BCE7D /* Info.plist */ = {isa = PBXFileReference; lastKnownFileType = text.plist.xml; path = Info.plist; sourceTree = "<group>"; };
		DA8ABBB828862768004BCE7D /* todolistTests.xctest */ = {isa = PBXFileReference; explicitFileType = wrapper.cfbundle; includeInIndex = 0; path = todolistTests.xctest; sourceTree = BUILT_PRODUCTS_DIR; };
		DA8ABBBC28862768004BCE7D /* todolistTests.swift */ = {isa = PBXFileReference; lastKnownFileType = sourcecode.swift; path = todolistTests.swift; sourceTree = "<group>"; };
		DA8ABBC228862768004BCE7D /* todolistUITests.xctest */ = {isa = PBXFileReference; explicitFileType = wrapper.cfbundle; includeInIndex = 0; path = todolistUITests.xctest; sourceTree = BUILT_PRODUCTS_DIR; };
		DA8ABBC628862768004BCE7D /* todolistUITests.swift */ = {isa = PBXFileReference; lastKnownFileType = sourcecode.swift; path = todolistUITests.swift; sourceTree = "<group>"; };
		DA8ABBC828862768004BCE7D /* todolistUITestsLaunchTests.swift */ = {isa = PBXFileReference; lastKnownFileType = sourcecode.swift; path = todolistUITestsLaunchTests.swift; sourceTree = "<group>"; };
		DAF85B4B28864BF7009C0414 /* ToDoListTableViewController.swift */ = {isa = PBXFileReference; lastKnownFileType = sourcecode.swift; path = ToDoListTableViewController.swift; sourceTree = "<group>"; };
		DAF85B4D28864C3F009C0414 /* ToDo.swift */ = {isa = PBXFileReference; lastKnownFileType = sourcecode.swift; path = ToDo.swift; sourceTree = "<group>"; };
/* End PBXFileReference section */

/* Begin PBXFrameworksBuildPhase section */
		DA8ABB9C28862762004BCE7D /* Frameworks */ = {
			isa = PBXFrameworksBuildPhase;
			buildActionMask = 2147483647;
			files = (
			);
			runOnlyForDeploymentPostprocessing = 0;
		};
		DA8ABBB528862768004BCE7D /* Frameworks */ = {
			isa = PBXFrameworksBuildPhase;
			buildActionMask = 2147483647;
			files = (
			);
			runOnlyForDeploymentPostprocessing = 0;
		};
		DA8ABBBF28862768004BCE7D /* Frameworks */ = {
			isa = PBXFrameworksBuildPhase;
			buildActionMask = 2147483647;
			files = (
			);
			runOnlyForDeploymentPostprocessing = 0;
		};
/* End PBXFrameworksBuildPhase section */

/* Begin PBXGroup section */
		DA8ABB9628862761004BCE7D = {
			isa = PBXGroup;
			children = (
				DA8ABBA128862762004BCE7D /* todolist */,
				DA8ABBBB28862768004BCE7D /* todolistTests */,
				DA8ABBC528862768004BCE7D /* todolistUITests */,
				DA8ABBA028862762004BCE7D /* Products */,
			);
			sourceTree = "<group>";
		};
		DA8ABBA028862762004BCE7D /* Products */ = {
			isa = PBXGroup;
			children = (
				DA8ABB9F28862762004BCE7D /* todolist.app */,
				DA8ABBB828862768004BCE7D /* todolistTests.xctest */,
				DA8ABBC228862768004BCE7D /* todolistUITests.xctest */,
			);
			name = Products;
			sourceTree = "<group>";
		};
		DA8ABBA128862762004BCE7D /* todolist */ = {
			isa = PBXGroup;
			children = (
				DA8ABBA228862762004BCE7D /* AppDelegate.swift */,
				DA8ABBA428862762004BCE7D /* SceneDelegate.swift */,
				DA8ABBA828862762004BCE7D /* Main.storyboard */,
				DA343B0728870E620022551A /* AddToDoViewController.swift */,
				DA8ABBAE28862767004BCE7D /* Assets.xcassets */,
				DA8ABBB028862767004BCE7D /* LaunchScreen.storyboard */,
				DA8ABBB328862767004BCE7D /* Info.plist */,
				DA8ABBAB28862762004BCE7D /* todolist.xcdatamodeld */,
				DAF85B4B28864BF7009C0414 /* ToDoListTableViewController.swift */,
				DAF85B4D28864C3F009C0414 /* ToDo.swift */,
			);
			path = todolist;
			sourceTree = "<group>";
		};
		DA8ABBBB28862768004BCE7D /* todolistTests */ = {
			isa = PBXGroup;
			children = (
				DA8ABBBC28862768004BCE7D /* todolistTests.swift */,
			);
			path = todolistTests;
			sourceTree = "<group>";
		};
		DA8ABBC528862768004BCE7D /* todolistUITests */ = {
			isa = PBXGroup;
			children = (
				DA8ABBC628862768004BCE7D /* todolistUITests.swift */,
				DA8ABBC828862768004BCE7D /* todolistUITestsLaunchTests.swift */,
			);
			path = todolistUITests;
			sourceTree = "<group>";
		};
/* End PBXGroup section */

/* Begin PBXNativeTarget section */
		DA8ABB9E28862762004BCE7D /* todolist */ = {
			isa = PBXNativeTarget;
			buildConfigurationList = DA8ABBCC28862768004BCE7D /* Build configuration list for PBXNativeTarget "todolist" */;
			buildPhases = (
				DA8ABB9B28862762004BCE7D /* Sources */,
				DA8ABB9C28862762004BCE7D /* Frameworks */,
				DA8ABB9D28862762004BCE7D /* Resources */,
			);
			buildRules = (
			);
			dependencies = (
			);
			name = todolist;
			productName = todolist;
			productReference = DA8ABB9F28862762004BCE7D /* todolist.app */;
			productType = "com.apple.product-type.application";
		};
		DA8ABBB728862768004BCE7D /* todolistTests */ = {
			isa = PBXNativeTarget;
			buildConfigurationList = DA8ABBCF28862768004BCE7D /* Build configuration list for PBXNativeTarget "todolistTests" */;
			buildPhases = (
				DA8ABBB428862768004BCE7D /* Sources */,
				DA8ABBB528862768004BCE7D /* Frameworks */,
				DA8ABBB628862768004BCE7D /* Resources */,
			);
			buildRules = (
			);
			dependencies = (
				DA8ABBBA28862768004BCE7D /* PBXTargetDependency */,
			);
			name = todolistTests;
			productName = todolistTests;
			productReference = DA8ABBB828862768004BCE7D /* todolistTests.xctest */;
			productType = "com.apple.product-type.bundle.unit-test";
		};
		DA8ABBC128862768004BCE7D /* todolistUITests */ = {
			isa = PBXNativeTarget;
			buildConfigurationList = DA8ABBD228862768004BCE7D /* Build configuration list for PBXNativeTarget "todolistUITests" */;
			buildPhases = (
				DA8ABBBE28862768004BCE7D /* Sources */,
				DA8ABBBF28862768004BCE7D /* Frameworks */,
				DA8ABBC028862768004BCE7D /* Resources */,
			);
			buildRules = (
			);
			dependencies = (
				DA8ABBC428862768004BCE7D /* PBXTargetDependency */,
			);
			name = todolistUITests;
			productName = todolistUITests;
			productReference = DA8ABBC228862768004BCE7D /* todolistUITests.xctest */;
			productType = "com.apple.product-type.bundle.ui-testing";
		};
/* End PBXNativeTarget section */

/* Begin PBXProject section */
		DA8ABB9728862761004BCE7D /* Project object */ = {
			isa = PBXProject;
			attributes = {
				BuildIndependentTargetsInParallel = 1;
				LastSwiftUpdateCheck = 1340;
				LastUpgradeCheck = 1340;
				TargetAttributes = {
					DA8ABB9E28862762004BCE7D = {
						CreatedOnToolsVersion = 13.4.1;
					};
					DA8ABBB728862768004BCE7D = {
						CreatedOnToolsVersion = 13.4.1;
						TestTargetID = DA8ABB9E28862762004BCE7D;
					};
					DA8ABBC128862768004BCE7D = {
						CreatedOnToolsVersion = 13.4.1;
						TestTargetID = DA8ABB9E28862762004BCE7D;
					};
				};
			};
			buildConfigurationList = DA8ABB9A28862761004BCE7D /* Build configuration list for PBXProject "todolist" */;
			compatibilityVersion = "Xcode 13.0";
			developmentRegion = en;
			hasScannedForEncodings = 0;
			knownRegions = (
				en,
				Base,
			);
			mainGroup = DA8ABB9628862761004BCE7D;
			productRefGroup = DA8ABBA028862762004BCE7D /* Products */;
			projectDirPath = "";
			projectRoot = "";
			targets = (
				DA8ABB9E28862762004BCE7D /* todolist */,
				DA8ABBB728862768004BCE7D /* todolistTests */,
				DA8ABBC128862768004BCE7D /* todolistUITests */,
			);
		};
/* End PBXProject section */

/* Begin PBXResourcesBuildPhase section */
		DA8ABB9D28862762004BCE7D /* Resources */ = {
			isa = PBXResourcesBuildPhase;
			buildActionMask = 2147483647;
			files = (
				DA8ABBB228862767004BCE7D /* LaunchScreen.storyboard in Resources */,
				DA8ABBAF28862767004BCE7D /* Assets.xcassets in Resources */,
				DA8ABBAA28862762004BCE7D /* Main.storyboard in Resources */,
			);
			runOnlyForDeploymentPostprocessing = 0;
		};
		DA8ABBB628862768004BCE7D /* Resources */ = {
			isa = PBXResourcesBuildPhase;
			buildActionMask = 2147483647;
			files = (
			);
			runOnlyForDeploymentPostprocessing = 0;
		};
		DA8ABBC028862768004BCE7D /* Resources */ = {
			isa = PBXResourcesBuildPhase;
			buildActionMask = 2147483647;
			files = (
			);
			runOnlyForDeploymentPostprocessing = 0;
		};
/* End PBXResourcesBuildPhase section */

/* Begin PBXSourcesBuildPhase section */
		DA8ABB9B28862762004BCE7D /* Sources */ = {
			isa = PBXSourcesBuildPhase;
			buildActionMask = 2147483647;
			files = (
				DA8ABBA328862762004BCE7D /* AppDelegate.swift in Sources */,
				DAF85B4E28864C3F009C0414 /* ToDo.swift in Sources */,
				DA8ABBA528862762004BCE7D /* SceneDelegate.swift in Sources */,
				DA8ABBAD28862762004BCE7D /* todolist.xcdatamodeld in Sources */,
				DA343B0828870E620022551A /* AddToDoViewController.swift in Sources */,
				DAF85B4C28864BF7009C0414 /* ToDoListTableViewController.swift in Sources */,
			);
			runOnlyForDeploymentPostprocessing = 0;
		};
		DA8ABBB428862768004BCE7D /* Sources */ = {
			isa = PBXSourcesBuildPhase;
			buildActionMask = 2147483647;
			files = (
				DA8ABBBD28862768004BCE7D /* todolistTests.swift in Sources */,
			);
			runOnlyForDeploymentPostprocessing = 0;
		};
		DA8ABBBE28862768004BCE7D /* Sources */ = {
			isa = PBXSourcesBuildPhase;
			buildActionMask = 2147483647;
			files = (
				DA8ABBC928862768004BCE7D /* todolistUITestsLaunchTests.swift in Sources */,
				DA8ABBC728862768004BCE7D /* todolistUITests.swift in Sources */,
			);
			runOnlyForDeploymentPostprocessing = 0;
		};
/* End PBXSourcesBuildPhase section */

/* Begin PBXTargetDependency section */
		DA8ABBBA28862768004BCE7D /* PBXTargetDependency */ = {
			isa = PBXTargetDependency;
			target = DA8ABB9E28862762004BCE7D /* todolist */;
			targetProxy = DA8ABBB928862768004BCE7D /* PBXContainerItemProxy */;
		};
		DA8ABBC428862768004BCE7D /* PBXTargetDependency */ = {
			isa = PBXTargetDependency;
			target = DA8ABB9E28862762004BCE7D /* todolist */;
			targetProxy = DA8ABBC328862768004BCE7D /* PBXContainerItemProxy */;
		};
/* End PBXTargetDependency section */

/* Begin PBXVariantGroup section */
		DA8ABBA828862762004BCE7D /* Main.storyboard */ = {
			isa = PBXVariantGroup;
			children = (
				DA8ABBA928862762004BCE7D /* Base */,
			);
			name = Main.storyboard;
			sourceTree = "<group>";
		};
		DA8ABBB028862767004BCE7D /* LaunchScreen.storyboard */ = {
			isa = PBXVariantGroup;
			children = (
				DA8ABBB128862767004BCE7D /* Base */,
			);
			name = LaunchScreen.storyboard;
			sourceTree = "<group>";
		};
/* End PBXVariantGroup section */

/* Begin XCBuildConfiguration section */
		DA8ABBCA28862768004BCE7D /* Debug */ = {
			isa = XCBuildConfiguration;
			buildSettings = {
				ALWAYS_SEARCH_USER_PATHS = NO;
				CLANG_ANALYZER_NONNULL = YES;
				CLANG_ANALYZER_NUMBER_OBJECT_CONVERSION = YES_AGGRESSIVE;
				CLANG_CXX_LANGUAGE_STANDARD = "gnu++17";
				CLANG_ENABLE_MODULES = YES;
				CLANG_ENABLE_OBJC_ARC = YES;
				CLANG_ENABLE_OBJC_WEAK = YES;
				CLANG_WARN_BLOCK_CAPTURE_AUTORELEASING = YES;
				CLANG_WARN_BOOL_CONVERSION = YES;
				CLANG_WARN_COMMA = YES;
				CLANG_WARN_CONSTANT_CONVERSION = YES;
				CLANG_WARN_DEPRECATED_OBJC_IMPLEMENTATIONS = YES;
				CLANG_WARN_DIRECT_OBJC_ISA_USAGE = YES_ERROR;
				CLANG_WARN_DOCUMENTATION_COMMENTS = YES;
				CLANG_WARN_EMPTY_BODY = YES;
				CLANG_WARN_ENUM_CONVERSION = YES;
				CLANG_WARN_INFINITE_RECURSION = YES;
				CLANG_WARN_INT_CONVERSION = YES;
				CLANG_WARN_NON_LITERAL_NULL_CONVERSION = YES;
				CLANG_WARN_OBJC_IMPLICIT_RETAIN_SELF = YES;
				CLANG_WARN_OBJC_LITERAL_CONVERSION = YES;
				CLANG_WARN_OBJC_ROOT_CLASS = YES_ERROR;
				CLANG_WARN_QUOTED_INCLUDE_IN_FRAMEWORK_HEADER = YES;
				CLANG_WARN_RANGE_LOOP_ANALYSIS = YES;
				CLANG_WARN_STRICT_PROTOTYPES = YES;
				CLANG_WARN_SUSPICIOUS_MOVE = YES;
				CLANG_WARN_UNGUARDED_AVAILABILITY = YES_AGGRESSIVE;
				CLANG_WARN_UNREACHABLE_CODE = YES;
				CLANG_WARN__DUPLICATE_METHOD_MATCH = YES;
				COPY_PHASE_STRIP = NO;
				DEBUG_INFORMATION_FORMAT = dwarf;
				ENABLE_STRICT_OBJC_MSGSEND = YES;
				ENABLE_TESTABILITY = YES;
				GCC_C_LANGUAGE_STANDARD = gnu11;
				GCC_DYNAMIC_NO_PIC = NO;
				GCC_NO_COMMON_BLOCKS = YES;
				GCC_OPTIMIZATION_LEVEL = 0;
				GCC_PREPROCESSOR_DEFINITIONS = (
					"DEBUG=1",
					"$(inherited)",
				);
				GCC_WARN_64_TO_32_BIT_CONVERSION = YES;
				GCC_WARN_ABOUT_RETURN_TYPE = YES_ERROR;
				GCC_WARN_UNDECLARED_SELECTOR = YES;
				GCC_WARN_UNINITIALIZED_AUTOS = YES_AGGRESSIVE;
				GCC_WARN_UNUSED_FUNCTION = YES;
				GCC_WARN_UNUSED_VARIABLE = YES;
				IPHONEOS_DEPLOYMENT_TARGET = 15.5;
				MTL_ENABLE_DEBUG_INFO = INCLUDE_SOURCE;
				MTL_FAST_MATH = YES;
				ONLY_ACTIVE_ARCH = YES;
				SDKROOT = iphoneos;
				SWIFT_ACTIVE_COMPILATION_CONDITIONS = DEBUG;
				SWIFT_OPTIMIZATION_LEVEL = "-Onone";
			};
			name = Debug;
		};
		DA8ABBCB28862768004BCE7D /* Release */ = {
			isa = XCBuildConfiguration;
			buildSettings = {
				ALWAYS_SEARCH_USER_PATHS = NO;
				CLANG_ANALYZER_NONNULL = YES;
				CLANG_ANALYZER_NUMBER_OBJECT_CONVERSION = YES_AGGRESSIVE;
				CLANG_CXX_LANGUAGE_STANDARD = "gnu++17";
				CLANG_ENABLE_MODULES = YES;
				CLANG_ENABLE_OBJC_ARC = YES;
				CLANG_ENABLE_OBJC_WEAK = YES;
				CLANG_WARN_BLOCK_CAPTURE_AUTORELEASING = YES;
				CLANG_WARN_BOOL_CONVERSION = YES;
				CLANG_WARN_COMMA = YES;
				CLANG_WARN_CONSTANT_CONVERSION = YES;
				CLANG_WARN_DEPRECATED_OBJC_IMPLEMENTATIONS = YES;
				CLANG_WARN_DIRECT_OBJC_ISA_USAGE = YES_ERROR;
				CLANG_WARN_DOCUMENTATION_COMMENTS = YES;
				CLANG_WARN_EMPTY_BODY = YES;
				CLANG_WARN_ENUM_CONVERSION = YES;
				CLANG_WARN_INFINITE_RECURSION = YES;
				CLANG_WARN_INT_CONVERSION = YES;
				CLANG_WARN_NON_LITERAL_NULL_CONVERSION = YES;
				CLANG_WARN_OBJC_IMPLICIT_RETAIN_SELF = YES;
				CLANG_WARN_OBJC_LITERAL_CONVERSION = YES;
				CLANG_WARN_OBJC_ROOT_CLASS = YES_ERROR;
				CLANG_WARN_QUOTED_INCLUDE_IN_FRAMEWORK_HEADER = YES;
				CLANG_WARN_RANGE_LOOP_ANALYSIS = YES;
				CLANG_WARN_STRICT_PROTOTYPES = YES;
				CLANG_WARN_SUSPICIOUS_MOVE = YES;
				CLANG_WARN_UNGUARDED_AVAILABILITY = YES_AGGRESSIVE;
				CLANG_WARN_UNREACHABLE_CODE = YES;
				CLANG_WARN__DUPLICATE_METHOD_MATCH = YES;
				COPY_PHASE_STRIP = NO;
				DEBUG_INFORMATION_FORMAT = "dwarf-with-dsym";
				ENABLE_NS_ASSERTIONS = NO;
				ENABLE_STRICT_OBJC_MSGSEND = YES;
				GCC_C_LANGUAGE_STANDARD = gnu11;
				GCC_NO_COMMON_BLOCKS = YES;
				GCC_WARN_64_TO_32_BIT_CONVERSION = YES;
				GCC_WARN_ABOUT_RETURN_TYPE = YES_ERROR;
				GCC_WARN_UNDECLARED_SELECTOR = YES;
				GCC_WARN_UNINITIALIZED_AUTOS = YES_AGGRESSIVE;
				GCC_WARN_UNUSED_FUNCTION = YES;
				GCC_WARN_UNUSED_VARIABLE = YES;
				IPHONEOS_DEPLOYMENT_TARGET = 15.5;
				MTL_ENABLE_DEBUG_INFO = NO;
				MTL_FAST_MATH = YES;
				SDKROOT = iphoneos;
				SWIFT_COMPILATION_MODE = wholemodule;
				SWIFT_OPTIMIZATION_LEVEL = "-O";
				VALIDATE_PRODUCT = YES;
			};
			name = Release;
		};
		DA8ABBCD28862768004BCE7D /* Debug */ = {
			isa = XCBuildConfiguration;
			buildSettings = {
				ASSETCATALOG_COMPILER_APPICON_NAME = AppIcon;
				ASSETCATALOG_COMPILER_GLOBAL_ACCENT_COLOR_NAME = AccentColor;
				CODE_SIGN_STYLE = Automatic;
				CURRENT_PROJECT_VERSION = 1;
				GENERATE_INFOPLIST_FILE = YES;
				INFOPLIST_FILE = todolist/Info.plist;
				INFOPLIST_KEY_UIApplicationSupportsIndirectInputEvents = YES;
				INFOPLIST_KEY_UILaunchStoryboardName = LaunchScreen;
				INFOPLIST_KEY_UIMainStoryboardFile = Main;
				INFOPLIST_KEY_UISupportedInterfaceOrientations_iPad = "UIInterfaceOrientationPortrait UIInterfaceOrientationPortraitUpsideDown UIInterfaceOrientationLandscapeLeft UIInterfaceOrientationLandscapeRight";
				INFOPLIST_KEY_UISupportedInterfaceOrientations_iPhone = "UIInterfaceOrientationPortrait UIInterfaceOrientationLandscapeLeft UIInterfaceOrientationLandscapeRight";
				LD_RUNPATH_SEARCH_PATHS = (
					"$(inherited)",
					"@executable_path/Frameworks",
				);
				MARKETING_VERSION = 1.0;
				PRODUCT_BUNDLE_IDENTIFIER = com.example.kwk.todolist;
				PRODUCT_NAME = "$(TARGET_NAME)";
				SWIFT_EMIT_LOC_STRINGS = YES;
				SWIFT_VERSION = 5.0;
				TARGETED_DEVICE_FAMILY = "1,2";
			};
			name = Debug;
		};
		DA8ABBCE28862768004BCE7D /* Release */ = {
			isa = XCBuildConfiguration;
			buildSettings = {
				ASSETCATALOG_COMPILER_APPICON_NAME = AppIcon;
				ASSETCATALOG_COMPILER_GLOBAL_ACCENT_COLOR_NAME = AccentColor;
				CODE_SIGN_STYLE = Automatic;
				CURRENT_PROJECT_VERSION = 1;
				GENERATE_INFOPLIST_FILE = YES;
				INFOPLIST_FILE = todolist/Info.plist;
				INFOPLIST_KEY_UIApplicationSupportsIndirectInputEvents = YES;
				INFOPLIST_KEY_UILaunchStoryboardName = LaunchScreen;
				INFOPLIST_KEY_UIMainStoryboardFile = Main;
				INFOPLIST_KEY_UISupportedInterfaceOrientations_iPad = "UIInterfaceOrientationPortrait UIInterfaceOrientationPortraitUpsideDown UIInterfaceOrientationLandscapeLeft UIInterfaceOrientationLandscapeRight";
				INFOPLIST_KEY_UISupportedInterfaceOrientations_iPhone = "UIInterfaceOrientationPortrait UIInterfaceOrientationLandscapeLeft UIInterfaceOrientationLandscapeRight";
				LD_RUNPATH_SEARCH_PATHS = (
					"$(inherited)",
					"@executable_path/Frameworks",
				);
				MARKETING_VERSION = 1.0;
				PRODUCT_BUNDLE_IDENTIFIER = com.example.kwk.todolist;
				PRODUCT_NAME = "$(TARGET_NAME)";
				SWIFT_EMIT_LOC_STRINGS = YES;
				SWIFT_VERSION = 5.0;
				TARGETED_DEVICE_FAMILY = "1,2";
			};
			name = Release;
		};
		DA8ABBD028862768004BCE7D /* Debug */ = {
			isa = XCBuildConfiguration;
			buildSettings = {
				ALWAYS_EMBED_SWIFT_STANDARD_LIBRARIES = YES;
				BUNDLE_LOADER = "$(TEST_HOST)";
				CODE_SIGN_STYLE = Automatic;
				CURRENT_PROJECT_VERSION = 1;
				GENERATE_INFOPLIST_FILE = YES;
				IPHONEOS_DEPLOYMENT_TARGET = 15.5;
				MARKETING_VERSION = 1.0;
				PRODUCT_BUNDLE_IDENTIFIER = com.example.kwk.todolistTests;
				PRODUCT_NAME = "$(TARGET_NAME)";
				SWIFT_EMIT_LOC_STRINGS = NO;
				SWIFT_VERSION = 5.0;
				TARGETED_DEVICE_FAMILY = "1,2";
				TEST_HOST = "$(BUILT_PRODUCTS_DIR)/todolist.app/todolist";
			};
			name = Debug;
		};
		DA8ABBD128862768004BCE7D /* Release */ = {
			isa = XCBuildConfiguration;
			buildSettings = {
				ALWAYS_EMBED_SWIFT_STANDARD_LIBRARIES = YES;
				BUNDLE_LOADER = "$(TEST_HOST)";
				CODE_SIGN_STYLE = Automatic;
				CURRENT_PROJECT_VERSION = 1;
				GENERATE_INFOPLIST_FILE = YES;
				IPHONEOS_DEPLOYMENT_TARGET = 15.5;
				MARKETING_VERSION = 1.0;
				PRODUCT_BUNDLE_IDENTIFIER = com.example.kwk.todolistTests;
				PRODUCT_NAME = "$(TARGET_NAME)";
				SWIFT_EMIT_LOC_STRINGS = NO;
				SWIFT_VERSION = 5.0;
				TARGETED_DEVICE_FAMILY = "1,2";
				TEST_HOST = "$(BUILT_PRODUCTS_DIR)/todolist.app/todolist";
			};
			name = Release;
		};
		DA8ABBD328862768004BCE7D /* Debug */ = {
			isa = XCBuildConfiguration;
			buildSettings = {
				ALWAYS_EMBED_SWIFT_STANDARD_LIBRARIES = YES;
				CODE_SIGN_STYLE = Automatic;
				CURRENT_PROJECT_VERSION = 1;
				GENERATE_INFOPLIST_FILE = YES;
				MARKETING_VERSION = 1.0;
				PRODUCT_BUNDLE_IDENTIFIER = com.example.kwk.todolistUITests;
				PRODUCT_NAME = "$(TARGET_NAME)";
				SWIFT_EMIT_LOC_STRINGS = NO;
				SWIFT_VERSION = 5.0;
				TARGETED_DEVICE_FAMILY = "1,2";
				TEST_TARGET_NAME = todolist;
			};
			name = Debug;
		};
		DA8ABBD428862768004BCE7D /* Release */ = {
			isa = XCBuildConfiguration;
			buildSettings = {
				ALWAYS_EMBED_SWIFT_STANDARD_LIBRARIES = YES;
				CODE_SIGN_STYLE = Automatic;
				CURRENT_PROJECT_VERSION = 1;
				GENERATE_INFOPLIST_FILE = YES;
				MARKETING_VERSION = 1.0;
				PRODUCT_BUNDLE_IDENTIFIER = com.example.kwk.todolistUITests;
				PRODUCT_NAME = "$(TARGET_NAME)";
				SWIFT_EMIT_LOC_STRINGS = NO;
				SWIFT_VERSION = 5.0;
				TARGETED_DEVICE_FAMILY = "1,2";
				TEST_TARGET_NAME = todolist;
			};
			name = Release;
		};
/* End XCBuildConfiguration section */

/* Begin XCConfigurationList section */
		DA8ABB9A28862761004BCE7D /* Build configuration list for PBXProject "todolist" */ = {
			isa = XCConfigurationList;
			buildConfigurations = (
				DA8ABBCA28862768004BCE7D /* Debug */,
				DA8ABBCB28862768004BCE7D /* Release */,
			);
			defaultConfigurationIsVisible = 0;
			defaultConfigurationName = Release;
		};
		DA8ABBCC28862768004BCE7D /* Build configuration list for PBXNativeTarget "todolist" */ = {
			isa = XCConfigurationList;
			buildConfigurations = (
				DA8ABBCD28862768004BCE7D /* Debug */,
				DA8ABBCE28862768004BCE7D /* Release */,
			);
			defaultConfigurationIsVisible = 0;
			defaultConfigurationName = Release;
		};
		DA8ABBCF28862768004BCE7D /* Build configuration list for PBXNativeTarget "todolistTests" */ = {
			isa = XCConfigurationList;
			buildConfigurations = (
				DA8ABBD028862768004BCE7D /* Debug */,
				DA8ABBD128862768004BCE7D /* Release */,
			);
			defaultConfigurationIsVisible = 0;
			defaultConfigurationName = Release;
		};
		DA8ABBD228862768004BCE7D /* Build configuration list for PBXNativeTarget "todolistUITests" */ = {
			isa = XCConfigurationList;
			buildConfigurations = (
				DA8ABBD328862768004BCE7D /* Debug */,
				DA8ABBD428862768004BCE7D /* Release */,
			);
			defaultConfigurationIsVisible = 0;
			defaultConfigurationName = Release;
		};
/* End XCConfigurationList section */

/* Begin XCVersionGroup section */
		DA8ABBAB28862762004BCE7D /* todolist.xcdatamodeld */ = {
			isa = XCVersionGroup;
			children = (
				DA8ABBAC28862762004BCE7D /* todolist.xcdatamodel */,
			);
			currentVersion = DA8ABBAC28862762004BCE7D /* todolist.xcdatamodel */;
			path = todolist.xcdatamodeld;
			sourceTree = "<group>";
			versionGroupType = wrapper.xcdatamodel;
		};
/* End XCVersionGroup section */
	};
	rootObject = DA8ABB9728862761004BCE7D /* Project object */;
}
